
Microsoft Visual Studio Solution File, Format Version 12.00
# Visual Studio 15
VisualStudioVersion = 15.0.28307.1022
MinimumVisualStudioVersion = 10.0.40219.1
Project("{FAE04EC0-301F-11D3-BF4B-00C04F79EFBC}") = "haromszogek", "haromszogek\haromszogek.csproj", "{0B5FDBA7-40C9-4542-B20B-C5AA1E2AD0E7}"
EndProject
Global
	GlobalSection(SolutionConfigurationPlatforms) = preSolution
		Debug|Any CPU = Debug|Any CPU
		Release|Any CPU = Release|Any CPU
	EndGlobalSection
	GlobalSection(ProjectConfigurationPlatforms) = postSolution
		{0B5FDBA7-40C9-4542-B20B-C5AA1E2AD0E7}.Debug|Any CPU.ActiveCfg = Debug|Any CPU
		{0B5FDBA7-40C9-4542-B20B-C5AA1E2AD0E7}.Debug|Any CPU.Build.0 = Debug|Any CPU
		{0B5FDBA7-40C9-4542-B20B-C5AA1E2AD0E7}.Release|Any CPU.ActiveCfg = Release|Any CPU
		{0B5FDBA7-40C9-4542-B20B-C5AA1E2AD0E7}.Release|Any CPU.Build.0 = Release|Any CPU
	EndGlobalSection
	GlobalSection(SolutionProperties) = preSolution
		HideSolutionNode = FALSE
	EndGlobalSection
	GlobalSection(ExtensibilityGlobals) = postSolution
		SolutionGuid = {2CEBA3EE-43C4-4A35-B245-DCB9405C33F1}
	EndGlobalSection
EndGlobal
